<?xml version="1.0" encoding="utf-8"?>
<Project ToolsVersion="4.0" xmlns="http://schemas.microsoft.com/developer/msbuild/2003">
  <ItemGroup>
    <Filter Include="Project Files">
      <UniqueIdentifier>{1D462085-3C40-43DF-8874-5EC1B7AD34A9}</UniqueIdentifier>
    </Filter>
    <Filter Include="Source Files">
      <UniqueIdentifier>{05EEAC89-38DE-45CF-8411-6242A0343259}</UniqueIdentifier>
    </Filter>
    <Filter Include="Build Support">
      <UniqueIdentifier>{707160F1-0C16-4F90-8523-51029399FDCC}</UniqueIdentifier>
    </Filter>
    <Filter Include="Assets">
      <UniqueIdentifier>{3596E3C8-B478-411E-A67D-2E984ADCC4A1}</UniqueIdentifier>
    </Filter>
    <Filter Include="Tests">
      <UniqueIdentifier>{DA68F78A-87A6-430C-BB4E-4DBEA9C54813}</UniqueIdentifier>
    </Filter>
  </ItemGroup>
  <ItemGroup>
    <None Include=".cargo\config.toml;AGENTS.md;Cargo.toml;Cargo.lock;LICENSE;README.md;README.zh-CN.md;build.rs;rust-toolchain.toml">
      <Filter>Project Files</Filter>
    </None>
    <None Include="src\**\*.rs">
      <Filter>Source Files</Filter>
    </None>
    <None Include="build_support\**\*.rs;localization\**\*.toml;scripts\**\*.ps1">
      <Filter>Build Support</Filter>
    </None>
    <None Include="assets\**\*">
      <Filter>Assets</Filter>
    </None>
    <None Include="tests\**\*.rs">
      <Filter>Tests</Filter>
    </None>
  </ItemGroup>
</Project>
